// !$*UTF8*$!
{
	archiveVersion = 1;
	classes = {
	};
	objectVersion = 77;
	objects = {

/* Begin PBXContainerItemProxy section */
		C16037812CDBA24900A6EAE4 /* PBXContainerItemProxy */ = {
			isa = PBXContainerItemProxy;
			containerPortal = C16037682CDBA24800A6EAE4 /* Project object */;
			proxyType = 1;
			remoteGlobalIDString = C160376F2CDBA24800A6EAE4;
			remoteInfo = SwiftUppgift1;
		};
		C160378B2CDBA24900A6EAE4 /* PBXContainerItemProxy */ = {
			isa = PBXContainerItemProxy;
			containerPortal = C16037682CDBA24800A6EAE4 /* Project object */;
			proxyType = 1;
			remoteGlobalIDString = C160376F2CDBA24800A6EAE4;
			remoteInfo = SwiftUppgift1;
		};
/* End PBXContainerItemProxy section */

/* Begin PBXFileReference section */
		C16037702CDBA24800A6EAE4 /* SwiftUppgift1.app */ = {isa = PBXFileReference; explicitFileType = wrapper.application; includeInIndex = 0; path = SwiftUppgift1.app; sourceTree = BUILT_PRODUCTS_DIR; };
		C16037802CDBA24900A6EAE4 /* SwiftUppgift1Tests.xctest */ = {isa = PBXFileReference; explicitFileType = wrapper.cfbundle; includeInIndex = 0; path = SwiftUppgift1Tests.xctest; sourceTree = BUILT_PRODUCTS_DIR; };
		C160378A2CDBA24900A6EAE4 /* SwiftUppgift1UITests.xctest */ = {isa = PBXFileReference; explicitFileType = wrapper.cfbundle; includeInIndex = 0; path = SwiftUppgift1UITests.xctest; sourceTree = BUILT_PRODUCTS_DIR; };
/* End PBXFileReference section */

/* Begin PBXFileSystemSynchronizedRootGroup section */
		C16037722CDBA24800A6EAE4 /* SwiftUppgift1 */ = {
			isa = PBXFileSystemSynchronizedRootGroup;
			path = SwiftUppgift1;
			sourceTree = "<group>";
		};
		C16037832CDBA24900A6EAE4 /* SwiftUppgift1Tests */ = {
			isa = PBXFileSystemSynchronizedRootGroup;
			path = SwiftUppgift1Tests;
			sourceTree = "<group>";
		};
		C160378D2CDBA24900A6EAE4 /* SwiftUppgift1UITests */ = {
			isa = PBXFileSystemSynchronizedRootGroup;
			path = SwiftUppgift1UITests;
			sourceTree = "<group>";
		};
/* End PBXFileSystemSynchronizedRootGroup section */

/* Begin PBXFrameworksBuildPhase section */
		C160376D2CDBA24800A6EAE4 /* Frameworks */ = {
			isa = PBXFrameworksBuildPhase;
			buildActionMask = 2147483647;
			files = (
			);
			runOnlyForDeploymentPostprocessing = 0;
		};
		C160377D2CDBA24900A6EAE4 /* Frameworks */ = {
			isa = PBXFrameworksBuildPhase;
			buildActionMask = 2147483647;
			files = (
			);
			runOnlyForDeploymentPostprocessing = 0;
		};
		C16037872CDBA24900A6EAE4 /* Frameworks */ = {
			isa = PBXFrameworksBuildPhase;
			buildActionMask = 2147483647;
			files = (
			);
			runOnlyForDeploymentPostprocessing = 0;
		};
/* End PBXFrameworksBuildPhase section */

/* Begin PBXGroup section */
		C16037672CDBA24800A6EAE4 = {
			isa = PBXGroup;
			children = (
				C16037722CDBA24800A6EAE4 /* SwiftUppgift1 */,
				C16037832CDBA24900A6EAE4 /* SwiftUppgift1Tests */,
				C160378D2CDBA24900A6EAE4 /* SwiftUppgift1UITests */,
				C16037712CDBA24800A6EAE4 /* Products */,
			);
			sourceTree = "<group>";
		};
		C16037712CDBA24800A6EAE4 /* Products */ = {
			isa = PBXGroup;
			children = (
				C16037702CDBA24800A6EAE4 /* SwiftUppgift1.app */,
				C16037802CDBA24900A6EAE4 /* SwiftUppgift1Tests.xctest */,
				C160378A2CDBA24900A6EAE4 /* SwiftUppgift1UITests.xctest */,
			);
			name = Products;
			sourceTree = "<group>";
		};
/* End PBXGroup section */

/* Begin PBXNativeTarget section */
		C160376F2CDBA24800A6EAE4 /* SwiftUppgift1 */ = {
			isa = PBXNativeTarget;
			buildConfigurationList = C16037942CDBA24900A6EAE4 /* Build configuration list for PBXNativeTarget "SwiftUppgift1" */;
			buildPhases = (
				C160376C2CDBA24800A6EAE4 /* Sources */,
				C160376D2CDBA24800A6EAE4 /* Frameworks */,
				C160376E2CDBA24800A6EAE4 /* Resources */,
			);
			buildRules = (
			);
			dependencies = (
			);
			fileSystemSynchronizedGroups = (
				C16037722CDBA24800A6EAE4 /* SwiftUppgift1 */,
			);
			name = SwiftUppgift1;
			packageProductDependencies = (
			);
			productName = SwiftUppgift1;
			productReference = C16037702CDBA24800A6EAE4 /* SwiftUppgift1.app */;
			productType = "com.apple.product-type.application";
		};
		C160377F2CDBA24900A6EAE4 /* SwiftUppgift1Tests */ = {
			isa = PBXNativeTarget;
			buildConfigurationList = C16037972CDBA24900A6EAE4 /* Build configuration list for PBXNativeTarget "SwiftUppgift1Tests" */;
			buildPhases = (
				C160377C2CDBA24900A6EAE4 /* Sources */,
				C160377D2CDBA24900A6EAE4 /* Frameworks */,
				C160377E2CDBA24900A6EAE4 /* Resources */,
			);
			buildRules = (
			);
			dependencies = (
				C16037822CDBA24900A6EAE4 /* PBXTargetDependency */,
			);
			fileSystemSynchronizedGroups = (
				C16037832CDBA24900A6EAE4 /* SwiftUppgift1Tests */,
			);
			name = SwiftUppgift1Tests;
			packageProductDependencies = (
			);
			productName = SwiftUppgift1Tests;
			productReference = C16037802CDBA24900A6EAE4 /* SwiftUppgift1Tests.xctest */;
			productType = "com.apple.product-type.bundle.unit-test";
		};
		C16037892CDBA24900A6EAE4 /* SwiftUppgift1UITests */ = {
			isa = PBXNativeTarget;
			buildConfigurationList = C160379A2CDBA24900A6EAE4 /* Build configuration list for PBXNativeTarget "SwiftUppgift1UITests" */;
			buildPhases = (
				C16037862CDBA24900A6EAE4 /* Sources */,
				C16037872CDBA24900A6EAE4 /* Frameworks */,
				C16037882CDBA24900A6EAE4 /* Resources */,
			);
			buildRules = (
			);
			dependencies = (
				C160378C2CDBA24900A6EAE4 /* PBXTargetDependency */,
			);
			fileSystemSynchronizedGroups = (
				C160378D2CDBA24900A6EAE4 /* SwiftUppgift1UITests */,
			);
			name = SwiftUppgift1UITests;
			packageProductDependencies = (
			);
			productName = SwiftUppgift1UITests;
			productReference = C160378A2CDBA24900A6EAE4 /* SwiftUppgift1UITests.xctest */;
			productType = "com.apple.product-type.bundle.ui-testing";
		};
/* End PBXNativeTarget section */

/* Begin PBXProject section */
		C16037682CDBA24800A6EAE4 /* Project object */ = {
			isa = PBXProject;
			attributes = {
				BuildIndependentTargetsInParallel = 1;
				LastSwiftUpdateCheck = 1600;
				LastUpgradeCheck = 1600;
				TargetAttributes = {
					C160376F2CDBA24800A6EAE4 = {
						CreatedOnToolsVersion = 16.0;
					};
					C160377F2CDBA24900A6EAE4 = {
						CreatedOnToolsVersion = 16.0;
						TestTargetID = C160376F2CDBA24800A6EAE4;
					};
					C16037892CDBA24900A6EAE4 = {
						CreatedOnToolsVersion = 16.0;
						TestTargetID = C160376F2CDBA24800A6EAE4;
					};
				};
			};
			buildConfigurationList = C160376B2CDBA24800A6EAE4 /* Build configuration list for PBXProject "SwiftUppgift1" */;
			developmentRegion = en;
			hasScannedForEncodings = 0;
			knownRegions = (
				en,
				Base,
			);
			mainGroup = C16037672CDBA24800A6EAE4;
			minimizedProjectReferenceProxies = 1;
			preferredProjectObjectVersion = 77;
			productRefGroup = C16037712CDBA24800A6EAE4 /* Products */;
			projectDirPath = "";
			projectRoot = "";
			targets = (
				C160376F2CDBA24800A6EAE4 /* SwiftUppgift1 */,
				C160377F2CDBA24900A6EAE4 /* SwiftUppgift1Tests */,
				C16037892CDBA24900A6EAE4 /* SwiftUppgift1UITests */,
			);
		};
/* End PBXProject section */

/* Begin PBXResourcesBuildPhase section */
		C160376E2CDBA24800A6EAE4 /* Resources */ = {
			isa = PBXResourcesBuildPhase;
			buildActionMask = 2147483647;
			files = (
			);
			runOnlyForDeploymentPostprocessing = 0;
		};
		C160377E2CDBA24900A6EAE4 /* Resources */ = {
			isa = PBXResourcesBuildPhase;
			buildActionMask = 2147483647;
			files = (
			);
			runOnlyForDeploymentPostprocessing = 0;
		};
		C16037882CDBA24900A6EAE4 /* Resources */ = {
			isa = PBXResourcesBuildPhase;
			buildActionMask = 2147483647;
			files = (
			);
			runOnlyForDeploymentPostprocessing = 0;
		};
/* End PBXResourcesBuildPhase section */

/* Begin PBXSourcesBuildPhase section */
		C160376C2CDBA24800A6EAE4 /* Sources */ = {
			isa = PBXSourcesBuildPhase;
			buildActionMask = 2147483647;
			files = (
			);
			runOnlyForDeploymentPostprocessing = 0;
		};
		C160377C2CDBA24900A6EAE4 /* Sources */ = {
			isa = PBXSourcesBuildPhase;
			buildActionMask = 2147483647;
			files = (
			);
			runOnlyForDeploymentPostprocessing = 0;
		};
		C16037862CDBA24900A6EAE4 /* Sources */ = {
			isa = PBXSourcesBuildPhase;
			buildActionMask = 2147483647;
			files = (
			);
			runOnlyForDeploymentPostprocessing = 0;
		};
/* End PBXSourcesBuildPhase section */

/* Begin PBXTargetDependency section */
		C16037822CDBA24900A6EAE4 /* PBXTargetDependency */ = {
			isa = PBXTargetDependency;
			target = C160376F2CDBA24800A6EAE4 /* SwiftUppgift1 */;
			targetProxy = C16037812CDBA24900A6EAE4 /* PBXContainerItemProxy */;
		};
		C160378C2CDBA24900A6EAE4 /* PBXTargetDependency */ = {
			isa = PBXTargetDependency;
			target = C160376F2CDBA24800A6EAE4 /* SwiftUppgift1 */;
			targetProxy = C160378B2CDBA24900A6EAE4 /* PBXContainerItemProxy */;
		};
/* End PBXTargetDependency section */

/* Begin XCBuildConfiguration section */
		C16037922CDBA24900A6EAE4 /* Debug */ = {
			isa = XCBuildConfiguration;
			buildSettings = {
				ALWAYS_SEARCH_USER_PATHS = NO;
				ASSETCATALOG_COMPILER_GENERATE_SWIFT_ASSET_SYMBOL_EXTENSIONS = YES;
				CLANG_ANALYZER_NONNULL = YES;
				CLANG_ANALYZER_NUMBER_OBJECT_CONVERSION = YES_AGGRESSIVE;
				CLANG_CXX_LANGUAGE_STANDARD = "gnu++20";
				CLANG_ENABLE_MODULES = YES;
				CLANG_ENABLE_OBJC_ARC = YES;
				CLANG_ENABLE_OBJC_WEAK = YES;
				CLANG_WARN_BLOCK_CAPTURE_AUTORELEASING = YES;
				CLANG_WARN_BOOL_CONVERSION = YES;
				CLANG_WARN_COMMA = YES;
				CLANG_WARN_CONSTANT_CONVERSION = YES;
				CLANG_WARN_DEPRECATED_OBJC_IMPLEMENTATIONS = YES;
				CLANG_WARN_DIRECT_OBJC_ISA_USAGE = YES_ERROR;
				CLANG_WARN_DOCUMENTATION_COMMENTS = YES;
				CLANG_WARN_EMPTY_BODY = YES;
				CLANG_WARN_ENUM_CONVERSION = YES;
				CLANG_WARN_INFINITE_RECURSION = YES;
				CLANG_WARN_INT_CONVERSION = YES;
				CLANG_WARN_NON_LITERAL_NULL_CONVERSION = YES;
				CLANG_WARN_OBJC_IMPLICIT_RETAIN_SELF = YES;
				CLANG_WARN_OBJC_LITERAL_CONVERSION = YES;
				CLANG_WARN_OBJC_ROOT_CLASS = YES_ERROR;
				CLANG_WARN_QUOTED_INCLUDE_IN_FRAMEWORK_HEADER = YES;
				CLANG_WARN_RANGE_LOOP_ANALYSIS = YES;
				CLANG_WARN_STRICT_PROTOTYPES = YES;
				CLANG_WARN_SUSPICIOUS_MOVE = YES;
				CLANG_WARN_UNGUARDED_AVAILABILITY = YES_AGGRESSIVE;
				CLANG_WARN_UNREACHABLE_CODE = YES;
				CLANG_WARN__DUPLICATE_METHOD_MATCH = YES;
				COPY_PHASE_STRIP = NO;
				DEBUG_INFORMATION_FORMAT = dwarf;
				ENABLE_STRICT_OBJC_MSGSEND = YES;
				ENABLE_TESTABILITY = YES;
				ENABLE_USER_SCRIPT_SANDBOXING = YES;
				GCC_C_LANGUAGE_STANDARD = gnu17;
				GCC_DYNAMIC_NO_PIC = NO;
				GCC_NO_COMMON_BLOCKS = YES;
				GCC_OPTIMIZATION_LEVEL = 0;
				GCC_PREPROCESSOR_DEFINITIONS = (
					"DEBUG=1",
					"$(inherited)",
				);
				GCC_WARN_64_TO_32_BIT_CONVERSION = YES;
				GCC_WARN_ABOUT_RETURN_TYPE = YES_ERROR;
				GCC_WARN_UNDECLARED_SELECTOR = YES;
				GCC_WARN_UNINITIALIZED_AUTOS = YES_AGGRESSIVE;
				GCC_WARN_UNUSED_FUNCTION = YES;
				GCC_WARN_UNUSED_VARIABLE = YES;
				IPHONEOS_DEPLOYMENT_TARGET = 18.0;
				LOCALIZATION_PREFERS_STRING_CATALOGS = YES;
				MTL_ENABLE_DEBUG_INFO = INCLUDE_SOURCE;
				MTL_FAST_MATH = YES;
				ONLY_ACTIVE_ARCH = YES;
				SDKROOT = iphoneos;
				SWIFT_ACTIVE_COMPILATION_CONDITIONS = "DEBUG $(inherited)";
				SWIFT_OPTIMIZATION_LEVEL = "-Onone";
			};
			name = Debug;
		};
		C16037932CDBA24900A6EAE4 /* Release */ = {
			isa = XCBuildConfiguration;
			buildSettings = {
				ALWAYS_SEARCH_USER_PATHS = NO;
				ASSETCATALOG_COMPILER_GENERATE_SWIFT_ASSET_SYMBOL_EXTENSIONS = YES;
				CLANG_ANALYZER_NONNULL = YES;
				CLANG_ANALYZER_NUMBER_OBJECT_CONVERSION = YES_AGGRESSIVE;
				CLANG_CXX_LANGUAGE_STANDARD = "gnu++20";
				CLANG_ENABLE_MODULES = YES;
				CLANG_ENABLE_OBJC_ARC = YES;
				CLANG_ENABLE_OBJC_WEAK = YES;
				CLANG_WARN_BLOCK_CAPTURE_AUTORELEASING = YES;
				CLANG_WARN_BOOL_CONVERSION = YES;
				CLANG_WARN_COMMA = YES;
				CLANG_WARN_CONSTANT_CONVERSION = YES;
				CLANG_WARN_DEPRECATED_OBJC_IMPLEMENTATIONS = YES;
				CLANG_WARN_DIRECT_OBJC_ISA_USAGE = YES_ERROR;
				CLANG_WARN_DOCUMENTATION_COMMENTS = YES;
				CLANG_WARN_EMPTY_BODY = YES;
				CLANG_WARN_ENUM_CONVERSION = YES;
				CLANG_WARN_INFINITE_RECURSION = YES;
				CLANG_WARN_INT_CONVERSION = YES;
				CLANG_WARN_NON_LITERAL_NULL_CONVERSION = YES;
				CLANG_WARN_OBJC_IMPLICIT_RETAIN_SELF = YES;
				CLANG_WARN_OBJC_LITERAL_CONVERSION = YES;
				CLANG_WARN_OBJC_ROOT_CLASS = YES_ERROR;
				CLANG_WARN_QUOTED_INCLUDE_IN_FRAMEWORK_HEADER = YES;
				CLANG_WARN_RANGE_LOOP_ANALYSIS = YES;
				CLANG_WARN_STRICT_PROTOTYPES = YES;
				CLANG_WARN_SUSPICIOUS_MOVE = YES;
				CLANG_WARN_UNGUARDED_AVAILABILITY = YES_AGGRESSIVE;
				CLANG_WARN_UNREACHABLE_CODE = YES;
				CLANG_WARN__DUPLICATE_METHOD_MATCH = YES;
				COPY_PHASE_STRIP = NO;
				DEBUG_INFORMATION_FORMAT = "dwarf-with-dsym";
				ENABLE_NS_ASSERTIONS = NO;
				ENABLE_STRICT_OBJC_MSGSEND = YES;
				ENABLE_USER_SCRIPT_SANDBOXING = YES;
				GCC_C_LANGUAGE_STANDARD = gnu17;
				GCC_NO_COMMON_BLOCKS = YES;
				GCC_WARN_64_TO_32_BIT_CONVERSION = YES;
				GCC_WARN_ABOUT_RETURN_TYPE = YES_ERROR;
				GCC_WARN_UNDECLARED_SELECTOR = YES;
				GCC_WARN_UNINITIALIZED_AUTOS = YES_AGGRESSIVE;
				GCC_WARN_UNUSED_FUNCTION = YES;
				GCC_WARN_UNUSED_VARIABLE = YES;
				IPHONEOS_DEPLOYMENT_TARGET = 18.0;
				LOCALIZATION_PREFERS_STRING_CATALOGS = YES;
				MTL_ENABLE_DEBUG_INFO = NO;
				MTL_FAST_MATH = YES;
				SDKROOT = iphoneos;
				SWIFT_COMPILATION_MODE = wholemodule;
				VALIDATE_PRODUCT = YES;
			};
			name = Release;
		};
		C16037952CDBA24900A6EAE4 /* Debug */ = {
			isa = XCBuildConfiguration;
			buildSettings = {
				ASSETCATALOG_COMPILER_APPICON_NAME = AppIcon;
				ASSETCATALOG_COMPILER_GLOBAL_ACCENT_COLOR_NAME = AccentColor;
				CODE_SIGN_STYLE = Automatic;
				CURRENT_PROJECT_VERSION = 1;
				DEVELOPMENT_ASSET_PATHS = "\"SwiftUppgift1/Preview Content\"";
				DEVELOPMENT_TEAM = MNATCZXA2Y;
				ENABLE_PREVIEWS = YES;
				GENERATE_INFOPLIST_FILE = YES;
				INFOPLIST_KEY_UIApplicationSceneManifest_Generation = YES;
				INFOPLIST_KEY_UIApplicationSupportsIndirectInputEvents = YES;
				INFOPLIST_KEY_UILaunchScreen_Generation = YES;
				INFOPLIST_KEY_UISupportedInterfaceOrientations_iPad = "UIInterfaceOrientationPortrait UIInterfaceOrientationPortraitUpsideDown UIInterfaceOrientationLandscapeLeft UIInterfaceOrientationLandscapeRight";
				INFOPLIST_KEY_UISupportedInterfaceOrientations_iPhone = "UIInterfaceOrientationPortrait UIInterfaceOrientationLandscapeLeft UIInterfaceOrientationLandscapeRight";
				LD_RUNPATH_SEARCH_PATHS = (
					"$(inherited)",
					"@executable_path/Frameworks",
				);
				MARKETING_VERSION = 1.0;
				PRODUCT_BUNDLE_IDENTIFIER = se.actionawareness.SwiftUppgift1;
				PRODUCT_NAME = "$(TARGET_NAME)";
				SWIFT_EMIT_LOC_STRINGS = YES;
				SWIFT_VERSION = 5.0;
				TARGETED_DEVICE_FAMILY = "1,2";
			};
			name = Debug;
		};
		C16037962CDBA24900A6EAE4 /* Release */ = {
			isa = XCBuildConfiguration;
			buildSettings = {
				ASSETCATALOG_COMPILER_APPICON_NAME = AppIcon;
				ASSETCATALOG_COMPILER_GLOBAL_ACCENT_COLOR_NAME = AccentColor;
				CODE_SIGN_STYLE = Automatic;
				CURRENT_PROJECT_VERSION = 1;
				DEVELOPMENT_ASSET_PATHS = "\"SwiftUppgift1/Preview Content\"";
				DEVELOPMENT_TEAM = MNATCZXA2Y;
				ENABLE_PREVIEWS = YES;
				GENERATE_INFOPLIST_FILE = YES;
				INFOPLIST_KEY_UIApplicationSceneManifest_Generation = YES;
				INFOPLIST_KEY_UIApplicationSupportsIndirectInputEvents = YES;
				INFOPLIST_KEY_UILaunchScreen_Generation = YES;
				INFOPLIST_KEY_UISupportedInterfaceOrientations_iPad = "UIInterfaceOrientationPortrait UIInterfaceOrientationPortraitUpsideDown UIInterfaceOrientationLandscapeLeft UIInterfaceOrientationLandscapeRight";
				INFOPLIST_KEY_UISupportedInterfaceOrientations_iPhone = "UIInterfaceOrientationPortrait UIInterfaceOrientationLandscapeLeft UIInterfaceOrientationLandscapeRight";
				LD_RUNPATH_SEARCH_PATHS = (
					"$(inherited)",
					"@executable_path/Frameworks",
				);
				MARKETING_VERSION = 1.0;
				PRODUCT_BUNDLE_IDENTIFIER = se.actionawareness.SwiftUppgift1;
				PRODUCT_NAME = "$(TARGET_NAME)";
				SWIFT_EMIT_LOC_STRINGS = YES;
				SWIFT_VERSION = 5.0;
				TARGETED_DEVICE_FAMILY = "1,2";
			};
			name = Release;
		};
		C16037982CDBA24900A6EAE4 /* Debug */ = {
			isa = XCBuildConfiguration;
			buildSettings = {
				BUNDLE_LOADER = "$(TEST_HOST)";
				CODE_SIGN_STYLE = Automatic;
				CURRENT_PROJECT_VERSION = 1;
				DEVELOPMENT_TEAM = MNATCZXA2Y;
				GENERATE_INFOPLIST_FILE = YES;
				IPHONEOS_DEPLOYMENT_TARGET = 18.0;
				MARKETING_VERSION = 1.0;
				PRODUCT_BUNDLE_IDENTIFIER = se.actionawareness.SwiftUppgift1Tests;
				PRODUCT_NAME = "$(TARGET_NAME)";
				SWIFT_EMIT_LOC_STRINGS = NO;
				SWIFT_VERSION = 5.0;
				TARGETED_DEVICE_FAMILY = "1,2";
				TEST_HOST = "$(BUILT_PRODUCTS_DIR)/SwiftUppgift1.app/$(BUNDLE_EXECUTABLE_FOLDER_PATH)/SwiftUppgift1";
			};
			name = Debug;
		};
		C16037992CDBA24900A6EAE4 /* Release */ = {
			isa = XCBuildConfiguration;
			buildSettings = {
				BUNDLE_LOADER = "$(TEST_HOST)";
				CODE_SIGN_STYLE = Automatic;
				CURRENT_PROJECT_VERSION = 1;
				DEVELOPMENT_TEAM = MNATCZXA2Y;
				GENERATE_INFOPLIST_FILE = YES;
				IPHONEOS_DEPLOYMENT_TARGET = 18.0;
				MARKETING_VERSION = 1.0;
				PRODUCT_BUNDLE_IDENTIFIER = se.actionawareness.SwiftUppgift1Tests;
				PRODUCT_NAME = "$(TARGET_NAME)";
				SWIFT_EMIT_LOC_STRINGS = NO;
				SWIFT_VERSION = 5.0;
				TARGETED_DEVICE_FAMILY = "1,2";
				TEST_HOST = "$(BUILT_PRODUCTS_DIR)/SwiftUppgift1.app/$(BUNDLE_EXECUTABLE_FOLDER_PATH)/SwiftUppgift1";
			};
			name = Release;
		};
		C160379B2CDBA24900A6EAE4 /* Debug */ = {
			isa = XCBuildConfiguration;
			buildSettings = {
				CODE_SIGN_STYLE = Automatic;
				CURRENT_PROJECT_VERSION = 1;
				DEVELOPMENT_TEAM = MNATCZXA2Y;
				GENERATE_INFOPLIST_FILE = YES;
				MARKETING_VERSION = 1.0;
				PRODUCT_BUNDLE_IDENTIFIER = se.actionawareness.SwiftUppgift1UITests;
				PRODUCT_NAME = "$(TARGET_NAME)";
				SWIFT_EMIT_LOC_STRINGS = NO;
				SWIFT_VERSION = 5.0;
				TARGETED_DEVICE_FAMILY = "1,2";
				TEST_TARGET_NAME = SwiftUppgift1;
			};
			name = Debug;
		};
		C160379C2CDBA24900A6EAE4 /* Release */ = {
			isa = XCBuildConfiguration;
			buildSettings = {
				CODE_SIGN_STYLE = Automatic;
				CURRENT_PROJECT_VERSION = 1;
				DEVELOPMENT_TEAM = MNATCZXA2Y;
				GENERATE_INFOPLIST_FILE = YES;
				MARKETING_VERSION = 1.0;
				PRODUCT_BUNDLE_IDENTIFIER = se.actionawareness.SwiftUppgift1UITests;
				PRODUCT_NAME = "$(TARGET_NAME)";
				SWIFT_EMIT_LOC_STRINGS = NO;
				SWIFT_VERSION = 5.0;
				TARGETED_DEVICE_FAMILY = "1,2";
				TEST_TARGET_NAME = SwiftUppgift1;
			};
			name = Release;
		};
/* End XCBuildConfiguration section */

/* Begin XCConfigurationList section */
		C160376B2CDBA24800A6EAE4 /* Build configuration list for PBXProject "SwiftUppgift1" */ = {
			isa = XCConfigurationList;
			buildConfigurations = (
				C16037922CDBA24900A6EAE4 /* Debug */,
				C16037932CDBA24900A6EAE4 /* Release */,
			);
			defaultConfigurationIsVisible = 0;
			defaultConfigurationName = Release;
		};
		C16037942CDBA24900A6EAE4 /* Build configuration list for PBXNativeTarget "SwiftUppgift1" */ = {
			isa = XCConfigurationList;
			buildConfigurations = (
				C16037952CDBA24900A6EAE4 /* Debug */,
				C16037962CDBA24900A6EAE4 /* Release */,
			);
			defaultConfigurationIsVisible = 0;
			defaultConfigurationName = Release;
		};
		C16037972CDBA24900A6EAE4 /* Build configuration list for PBXNativeTarget "SwiftUppgift1Tests" */ = {
			isa = XCConfigurationList;
			buildConfigurations = (
				C16037982CDBA24900A6EAE4 /* Debug */,
				C16037992CDBA24900A6EAE4 /* Release */,
			);
			defaultConfigurationIsVisible = 0;
			defaultConfigurationName = Release;
		};
		C160379A2CDBA24900A6EAE4 /* Build configuration list for PBXNativeTarget "SwiftUppgift1UITests" */ = {
			isa = XCConfigurationList;
			buildConfigurations = (
				C160379B2CDBA24900A6EAE4 /* Debug */,
				C160379C2CDBA24900A6EAE4 /* Release */,
			);
			defaultConfigurationIsVisible = 0;
			defaultConfigurationName = Release;
		};
/* End XCConfigurationList section */
	};
	rootObject = C16037682CDBA24800A6EAE4 /* Project object */;
}
